
Microsoft Visual Studio Solution File, Format Version 12.00
# Visual Studio Version 17
VisualStudioVersion = 17.0.31903.59
MinimumVisualStudioVersion = 10.0.40219.1
Project("{2150E333-8FDC-42A3-9474-1A3956D46DE8}") = "src", "src", "{6398DB81-BD46-40BB-BC49-A3E24EA78165}"
EndProject
Project("{9A19103F-16F7-4668-BE54-9A1E7A4F7556}") = "Library", "Library\Library.csproj", "{5B6EF330-D4B6-4EA4-A62E-F9952B139D91}"
EndProject
Project("{9A19103F-16F7-4668-BE54-9A1E7A4F7556}") = "Net6StudyCase.SharedKernel", "src\SharedKernel\Net6StudyCase.SharedKernel.csproj", "{81C469B1-DA0E-4C97-ACE4-0C6B2D1530CC}"
EndProject
Project("{9A19103F-16F7-4668-BE54-9A1E7A4F7556}") = "Net6StudyCase.Auth.Api", "src\Auth\Api\Net6StudyCase.Auth.Api.csproj", "{D092FD91-9EB9-45C1-9045-04EDF1E0B5E9}"
EndProject
Project("{2150E333-8FDC-42A3-9474-1A3956D46DE8}") = "Auth", "Auth", "{9682E334-9A37-4181-8B66-675E8B8137EA}"
EndProject
Project("{9A19103F-16F7-4668-BE54-9A1E7A4F7556}") = "Net6StudyCase.Auth.Application", "src\Auth\Application\Net6StudyCase.Auth.Application.csproj", "{6A782142-DA08-4DBD-8091-17B5B93F996F}"
EndProject
Project("{2150E333-8FDC-42A3-9474-1A3956D46DE8}") = "Store", "Store", "{E3631DE3-9F20-4139-8D91-BF59A92D7F7D}"
EndProject
Project("{9A19103F-16F7-4668-BE54-9A1E7A4F7556}") = "Net6StudyCase.Store.Application", "src\Store\Application\Net6StudyCase.Store.Application.csproj", "{D6D568D8-4A09-4514-8755-225A0C4ACF0B}"
EndProject
Project("{9A19103F-16F7-4668-BE54-9A1E7A4F7556}") = "Net6StudyCase.Store.Api", "src\Store\Api\Net6StudyCase.Store.Api.csproj", "{A9EDF125-3EAA-401F-9D55-0F0BD00F5020}"
EndProject
Project("{9A19103F-16F7-4668-BE54-9A1E7A4F7556}") = "Net6StudyCase.Auth.Domain", "src\Auth\Domain\Net6StudyCase.Auth.Domain.csproj", "{AA4679BB-BBD9-4DDB-BA94-9F45D2422228}"
EndProject
Project("{9A19103F-16F7-4668-BE54-9A1E7A4F7556}") = "Net6StudyCase.Store.Domain", "src\Store\Domain\Net6StudyCase.Store.Domain.csproj", "{F45DDEF6-3123-42AC-A423-A4496E1448F1}"
EndProject
Project("{9A19103F-16F7-4668-BE54-9A1E7A4F7556}") = "Net6StudyCase.Auth.Infra", "src\Auth\Infra\Net6StudyCase.Auth.Infra.csproj", "{9905CD05-7050-47D4-AA48-B17BE8B7E855}"
EndProject
Global
	GlobalSection(SolutionConfigurationPlatforms) = preSolution
		Debug|Any CPU = Debug|Any CPU
		Release|Any CPU = Release|Any CPU
	EndGlobalSection
	GlobalSection(ProjectConfigurationPlatforms) = postSolution
		{5B6EF330-D4B6-4EA4-A62E-F9952B139D91}.Debug|Any CPU.ActiveCfg = Debug|Any CPU
		{5B6EF330-D4B6-4EA4-A62E-F9952B139D91}.Debug|Any CPU.Build.0 = Debug|Any CPU
		{5B6EF330-D4B6-4EA4-A62E-F9952B139D91}.Release|Any CPU.ActiveCfg = Release|Any CPU
		{5B6EF330-D4B6-4EA4-A62E-F9952B139D91}.Release|Any CPU.Build.0 = Release|Any CPU
		{81C469B1-DA0E-4C97-ACE4-0C6B2D1530CC}.Debug|Any CPU.ActiveCfg = Debug|Any CPU
		{81C469B1-DA0E-4C97-ACE4-0C6B2D1530CC}.Debug|Any CPU.Build.0 = Debug|Any CPU
		{81C469B1-DA0E-4C97-ACE4-0C6B2D1530CC}.Release|Any CPU.ActiveCfg = Release|Any CPU
		{81C469B1-DA0E-4C97-ACE4-0C6B2D1530CC}.Release|Any CPU.Build.0 = Release|Any CPU
		{D092FD91-9EB9-45C1-9045-04EDF1E0B5E9}.Debug|Any CPU.ActiveCfg = Debug|Any CPU
		{D092FD91-9EB9-45C1-9045-04EDF1E0B5E9}.Debug|Any CPU.Build.0 = Debug|Any CPU
		{D092FD91-9EB9-45C1-9045-04EDF1E0B5E9}.Release|Any CPU.ActiveCfg = Release|Any CPU
		{D092FD91-9EB9-45C1-9045-04EDF1E0B5E9}.Release|Any CPU.Build.0 = Release|Any CPU
		{6A782142-DA08-4DBD-8091-17B5B93F996F}.Debug|Any CPU.ActiveCfg = Debug|Any CPU
		{6A782142-DA08-4DBD-8091-17B5B93F996F}.Debug|Any CPU.Build.0 = Debug|Any CPU
		{6A782142-DA08-4DBD-8091-17B5B93F996F}.Release|Any CPU.ActiveCfg = Release|Any CPU
		{6A782142-DA08-4DBD-8091-17B5B93F996F}.Release|Any CPU.Build.0 = Release|Any CPU
		{D6D568D8-4A09-4514-8755-225A0C4ACF0B}.Debug|Any CPU.ActiveCfg = Debug|Any CPU
		{D6D568D8-4A09-4514-8755-225A0C4ACF0B}.Debug|Any CPU.Build.0 = Debug|Any CPU
		{D6D568D8-4A09-4514-8755-225A0C4ACF0B}.Release|Any CPU.ActiveCfg = Release|Any CPU
		{D6D568D8-4A09-4514-8755-225A0C4ACF0B}.Release|Any CPU.Build.0 = Release|Any CPU
		{A9EDF125-3EAA-401F-9D55-0F0BD00F5020}.Debug|Any CPU.ActiveCfg = Debug|Any CPU
		{A9EDF125-3EAA-401F-9D55-0F0BD00F5020}.Debug|Any CPU.Build.0 = Debug|Any CPU
		{A9EDF125-3EAA-401F-9D55-0F0BD00F5020}.Release|Any CPU.ActiveCfg = Release|Any CPU
		{A9EDF125-3EAA-401F-9D55-0F0BD00F5020}.Release|Any CPU.Build.0 = Release|Any CPU
		{AA4679BB-BBD9-4DDB-BA94-9F45D2422228}.Debug|Any CPU.ActiveCfg = Debug|Any CPU
		{AA4679BB-BBD9-4DDB-BA94-9F45D2422228}.Debug|Any CPU.Build.0 = Debug|Any CPU
		{AA4679BB-BBD9-4DDB-BA94-9F45D2422228}.Release|Any CPU.ActiveCfg = Release|Any CPU
		{AA4679BB-BBD9-4DDB-BA94-9F45D2422228}.Release|Any CPU.Build.0 = Release|Any CPU
		{F45DDEF6-3123-42AC-A423-A4496E1448F1}.Debug|Any CPU.ActiveCfg = Debug|Any CPU
		{F45DDEF6-3123-42AC-A423-A4496E1448F1}.Debug|Any CPU.Build.0 = Debug|Any CPU
		{F45DDEF6-3123-42AC-A423-A4496E1448F1}.Release|Any CPU.ActiveCfg = Release|Any CPU
		{F45DDEF6-3123-42AC-A423-A4496E1448F1}.Release|Any CPU.Build.0 = Release|Any CPU
		{9905CD05-7050-47D4-AA48-B17BE8B7E855}.Debug|Any CPU.ActiveCfg = Debug|Any CPU
		{9905CD05-7050-47D4-AA48-B17BE8B7E855}.Debug|Any CPU.Build.0 = Debug|Any CPU
		{9905CD05-7050-47D4-AA48-B17BE8B7E855}.Release|Any CPU.ActiveCfg = Release|Any CPU
		{9905CD05-7050-47D4-AA48-B17BE8B7E855}.Release|Any CPU.Build.0 = Release|Any CPU
	EndGlobalSection
	GlobalSection(SolutionProperties) = preSolution
		HideSolutionNode = FALSE
	EndGlobalSection
	GlobalSection(NestedProjects) = preSolution
		{81C469B1-DA0E-4C97-ACE4-0C6B2D1530CC} = {6398DB81-BD46-40BB-BC49-A3E24EA78165}
		{D092FD91-9EB9-45C1-9045-04EDF1E0B5E9} = {9682E334-9A37-4181-8B66-675E8B8137EA}
		{9682E334-9A37-4181-8B66-675E8B8137EA} = {6398DB81-BD46-40BB-BC49-A3E24EA78165}
		{6A782142-DA08-4DBD-8091-17B5B93F996F} = {9682E334-9A37-4181-8B66-675E8B8137EA}
		{E3631DE3-9F20-4139-8D91-BF59A92D7F7D} = {6398DB81-BD46-40BB-BC49-A3E24EA78165}
		{D6D568D8-4A09-4514-8755-225A0C4ACF0B} = {E3631DE3-9F20-4139-8D91-BF59A92D7F7D}
		{A9EDF125-3EAA-401F-9D55-0F0BD00F5020} = {E3631DE3-9F20-4139-8D91-BF59A92D7F7D}
		{AA4679BB-BBD9-4DDB-BA94-9F45D2422228} = {9682E334-9A37-4181-8B66-675E8B8137EA}
		{F45DDEF6-3123-42AC-A423-A4496E1448F1} = {E3631DE3-9F20-4139-8D91-BF59A92D7F7D}
		{9905CD05-7050-47D4-AA48-B17BE8B7E855} = {9682E334-9A37-4181-8B66-675E8B8137EA}
	EndGlobalSection
	GlobalSection(ExtensibilityGlobals) = postSolution
		SolutionGuid = {290B309D-4293-4907-99C9-451F33A578BB}
	EndGlobalSection
EndGlobal
